
Microsoft Visual Studio Solution File, Format Version 12.00
# Visual Studio Version 17
VisualStudioVersion = 17.13.35931.197
MinimumVisualStudioVersion = 10.0.40219.1
Project("{FAE04EC0-301F-11D3-BF4B-00C04F79EFBC}") = "MapService.API", "MapService.API\MapService.API.csproj", "{AA7A143F-9C53-4C9E-AC9C-3002E6AEC687}"
EndProject
Project("{FAE04EC0-301F-11D3-BF4B-00C04F79EFBC}") = "MapService.Domain", "MapService.Domain\MapService.Domain.csproj", "{24B2C8B8-5C0E-4C8D-857D-B387978B13DB}"
EndProject
Project("{FAE04EC0-301F-11D3-BF4B-00C04F79EFBC}") = "MapService.Service", "MapService.Service\MapService.Service.csproj", "{1D713168-2819-4766-BA15-5A12CBFB151E}"
EndProject
Project("{FAE04EC0-301F-11D3-BF4B-00C04F79EFBC}") = "MapService.Repository", "MapService.Repository\MapService.Repository.csproj", "{5EAEF8A9-A3AF-40DD-93E9-9047319B63D1}"
EndProject
Project("{FAE04EC0-301F-11D3-BF4B-00C04F79EFBC}") = "MapService.DTO", "MapService.DTO\MapService.DTO.csproj", "{FF4C8271-FFCD-4E52-B9FD-CAF78656C928}"
EndProject
Project("{FAE04EC0-301F-11D3-BF4B-00C04F79EFBC}") = "CommonService", "CommonService\CommonService.csproj", "{7DB68FD7-29DD-459F-97B9-A6A0D40656F7}"
EndProject
Global
	GlobalSection(SolutionConfigurationPlatforms) = preSolution
		Debug|Any CPU = Debug|Any CPU
		Release|Any CPU = Release|Any CPU
	EndGlobalSection
	GlobalSection(ProjectConfigurationPlatforms) = postSolution
		{AA7A143F-9C53-4C9E-AC9C-3002E6AEC687}.Debug|Any CPU.ActiveCfg = Debug|Any CPU
		{AA7A143F-9C53-4C9E-AC9C-3002E6AEC687}.Debug|Any CPU.Build.0 = Debug|Any CPU
		{AA7A143F-9C53-4C9E-AC9C-3002E6AEC687}.Release|Any CPU.ActiveCfg = Release|Any CPU
		{AA7A143F-9C53-4C9E-AC9C-3002E6AEC687}.Release|Any CPU.Build.0 = Release|Any CPU
		{24B2C8B8-5C0E-4C8D-857D-B387978B13DB}.Debug|Any CPU.ActiveCfg = Debug|Any CPU
		{24B2C8B8-5C0E-4C8D-857D-B387978B13DB}.Debug|Any CPU.Build.0 = Debug|Any CPU
		{24B2C8B8-5C0E-4C8D-857D-B387978B13DB}.Release|Any CPU.ActiveCfg = Release|Any CPU
		{24B2C8B8-5C0E-4C8D-857D-B387978B13DB}.Release|Any CPU.Build.0 = Release|Any CPU
		{1D713168-2819-4766-BA15-5A12CBFB151E}.Debug|Any CPU.ActiveCfg = Debug|Any CPU
		{1D713168-2819-4766-BA15-5A12CBFB151E}.Debug|Any CPU.Build.0 = Debug|Any CPU
		{1D713168-2819-4766-BA15-5A12CBFB151E}.Release|Any CPU.ActiveCfg = Release|Any CPU
		{1D713168-2819-4766-BA15-5A12CBFB151E}.Release|Any CPU.Build.0 = Release|Any CPU
		{5EAEF8A9-A3AF-40DD-93E9-9047319B63D1}.Debug|Any CPU.ActiveCfg = Debug|Any CPU
		{5EAEF8A9-A3AF-40DD-93E9-9047319B63D1}.Debug|Any CPU.Build.0 = Debug|Any CPU
		{5EAEF8A9-A3AF-40DD-93E9-9047319B63D1}.Release|Any CPU.ActiveCfg = Release|Any CPU
		{5EAEF8A9-A3AF-40DD-93E9-9047319B63D1}.Release|Any CPU.Build.0 = Release|Any CPU
		{FF4C8271-FFCD-4E52-B9FD-CAF78656C928}.Debug|Any CPU.ActiveCfg = Debug|Any CPU
		{FF4C8271-FFCD-4E52-B9FD-CAF78656C928}.Debug|Any CPU.Build.0 = Debug|Any CPU
		{FF4C8271-FFCD-4E52-B9FD-CAF78656C928}.Release|Any CPU.ActiveCfg = Release|Any CPU
		{FF4C8271-FFCD-4E52-B9FD-CAF78656C928}.Release|Any CPU.Build.0 = Release|Any CPU
		{7DB68FD7-29DD-459F-97B9-A6A0D40656F7}.Debug|Any CPU.ActiveCfg = Debug|Any CPU
		{7DB68FD7-29DD-459F-97B9-A6A0D40656F7}.Debug|Any CPU.Build.0 = Debug|Any CPU
		{7DB68FD7-29DD-459F-97B9-A6A0D40656F7}.Release|Any CPU.ActiveCfg = Release|Any CPU
		{7DB68FD7-29DD-459F-97B9-A6A0D40656F7}.Release|Any CPU.Build.0 = Release|Any CPU
	EndGlobalSection
	GlobalSection(SolutionProperties) = preSolution
		HideSolutionNode = FALSE
	EndGlobalSection
	GlobalSection(ExtensibilityGlobals) = postSolution
		SolutionGuid = {818E78B1-C557-45F8-BAD4-EA6E87812FF5}
	EndGlobalSection
EndGlobal
